
Microsoft Visual Studio Solution File, Format Version 12.00
# Visual Studio 2013
VisualStudioVersion = 12.0.30501.0
MinimumVisualStudioVersion = 10.0.40219.1
Project("{FAE04EC0-301F-11D3-BF4B-00C04F79EFBC}") = "BookService", "BookService\BookService.csproj", "{1AE92312-94A9-4262-B59F-C34A7690C168}"
EndProject
Project("{FAE04EC0-301F-11D3-BF4B-00C04F79EFBC}") = "BookService.Tests", "BookService.Tests\BookService.Tests.csproj", "{C2B89B84-3994-4615-AE88-5E0F00DB745E}"
EndProject
Global
	GlobalSection(SolutionConfigurationPlatforms) = preSolution
		Debug|Any CPU = Debug|Any CPU
		Release|Any CPU = Release|Any CPU
	EndGlobalSection
	GlobalSection(ProjectConfigurationPlatforms) = postSolution
		{1AE92312-94A9-4262-B59F-C34A7690C168}.Debug|Any CPU.ActiveCfg = Debug|Any CPU
		{1AE92312-94A9-4262-B59F-C34A7690C168}.Debug|Any CPU.Build.0 = Debug|Any CPU
		{1AE92312-94A9-4262-B59F-C34A7690C168}.Release|Any CPU.ActiveCfg = Release|Any CPU
		{1AE92312-94A9-4262-B59F-C34A7690C168}.Release|Any CPU.Build.0 = Release|Any CPU
		{C2B89B84-3994-4615-AE88-5E0F00DB745E}.Debug|Any CPU.ActiveCfg = Debug|Any CPU
		{C2B89B84-3994-4615-AE88-5E0F00DB745E}.Debug|Any CPU.Build.0 = Debug|Any CPU
		{C2B89B84-3994-4615-AE88-5E0F00DB745E}.Release|Any CPU.ActiveCfg = Release|Any CPU
		{C2B89B84-3994-4615-AE88-5E0F00DB745E}.Release|Any CPU.Build.0 = Release|Any CPU
	EndGlobalSection
	GlobalSection(SolutionProperties) = preSolution
		HideSolutionNode = FALSE
	EndGlobalSection
EndGlobal
